
Microsoft Visual Studio Solution File, Format Version 12.00
# Visual Studio Version 16
VisualStudioVersion = 16.0.30225.117
MinimumVisualStudioVersion = 10.0.40219.1
Project("{FAE04EC0-301F-11D3-BF4B-00C04F79EFBC}") = "CRUD", "CRUD\CRUD.csproj", "{D578517F-01A2-4CD3-B162-BA755926B578}"
EndProject
Global
	GlobalSection(SolutionConfigurationPlatforms) = preSolution
		Debug|Any CPU = Debug|Any CPU
		Release|Any CPU = Release|Any CPU
	EndGlobalSection
	GlobalSection(ProjectConfigurationPlatforms) = postSolution
		{D578517F-01A2-4CD3-B162-BA755926B578}.Debug|Any CPU.ActiveCfg = Debug|Any CPU
		{D578517F-01A2-4CD3-B162-BA755926B578}.Debug|Any CPU.Build.0 = Debug|Any CPU
		{D578517F-01A2-4CD3-B162-BA755926B578}.Release|Any CPU.ActiveCfg = Release|Any CPU
		{D578517F-01A2-4CD3-B162-BA755926B578}.Release|Any CPU.Build.0 = Release|Any CPU
	EndGlobalSection
	GlobalSection(SolutionProperties) = preSolution
		HideSolutionNode = FALSE
	EndGlobalSection
	GlobalSection(ExtensibilityGlobals) = postSolution
		SolutionGuid = {3227EB9D-3E92-4B23-892D-C5EC60B04A20}
	EndGlobalSection
EndGlobal
